
Microsoft Visual Studio Solution File, Format Version 12.00
# Visual Studio Version 17
VisualStudioVersion = 17.7.34018.315
MinimumVisualStudioVersion = 10.0.40219.1
Project("{FAE04EC0-301F-11D3-BF4B-00C04F79EFBC}") = "Minecraft server quick install", "Minecraft server quick install.csproj", "{3CF6E5BA-535A-4504-9235-58CFE583BB4B}"
EndProject
Global
	GlobalSection(SolutionConfigurationPlatforms) = preSolution
		Debug|Any CPU = Debug|Any CPU
		Release|Any CPU = Release|Any CPU
	EndGlobalSection
	GlobalSection(ProjectConfigurationPlatforms) = postSolution
		{3CF6E5BA-535A-4504-9235-58CFE583BB4B}.Debug|Any CPU.ActiveCfg = Debug|Any CPU
		{3CF6E5BA-535A-4504-9235-58CFE583BB4B}.Debug|Any CPU.Build.0 = Debug|Any CPU
		{3CF6E5BA-535A-4504-9235-58CFE583BB4B}.Release|Any CPU.ActiveCfg = Release|Any CPU
		{3CF6E5BA-535A-4504-9235-58CFE583BB4B}.Release|Any CPU.Build.0 = Release|Any CPU
	EndGlobalSection
	GlobalSection(SolutionProperties) = preSolution
		HideSolutionNode = FALSE
	EndGlobalSection
	GlobalSection(ExtensibilityGlobals) = postSolution
		SolutionGuid = {97C18E92-DA54-457C-9E32-B1A1D6B57F12}
	EndGlobalSection
EndGlobal
